
Microsoft Visual Studio Solution File, Format Version 12.00
# Visual Studio Version 17
VisualStudioVersion = 17.7.34003.232
MinimumVisualStudioVersion = 10.0.40219.1
Project("{FAE04EC0-301F-11D3-BF4B-00C04F79EFBC}") = "Fizzbuzz", "Fizzbuzz\Fizzbuzz.csproj", "{7746E77F-BD74-412B-AAD1-E0033DB007DA}"
EndProject
Global
	GlobalSection(SolutionConfigurationPlatforms) = preSolution
		Debug|Any CPU = Debug|Any CPU
		Release|Any CPU = Release|Any CPU
	EndGlobalSection
	GlobalSection(ProjectConfigurationPlatforms) = postSolution
		{7746E77F-BD74-412B-AAD1-E0033DB007DA}.Debug|Any CPU.ActiveCfg = Debug|Any CPU
		{7746E77F-BD74-412B-AAD1-E0033DB007DA}.Debug|Any CPU.Build.0 = Debug|Any CPU
		{7746E77F-BD74-412B-AAD1-E0033DB007DA}.Release|Any CPU.ActiveCfg = Release|Any CPU
		{7746E77F-BD74-412B-AAD1-E0033DB007DA}.Release|Any CPU.Build.0 = Release|Any CPU
	EndGlobalSection
	GlobalSection(SolutionProperties) = preSolution
		HideSolutionNode = FALSE
	EndGlobalSection
	GlobalSection(ExtensibilityGlobals) = postSolution
		SolutionGuid = {A14EEB49-D161-4328-B895-C4573920429B}
	EndGlobalSection
EndGlobal
